# THIS IS AN AUTOGENERATED FILE. DO NOT EDIT THIS FILE DIRECTLY.
# yarn lockfile v1


"@babel/helper-validator-identifier@^7.15.7":
  "integrity" "sha1-Ig35k7/pBKSmsCq08zhaXr9uI4k="
  "resolved" "https://registry.nlark.com/@babel/helper-validator-identifier/download/@babel/helper-validator-identifier-7.15.7.tgz?cache=0&sync_timestamp=1631920110587&other_urls=https%3A%2F%2Fregistry.nlark.com%2F%40babel%2Fhelper-validator-identifier%2Fdownload%2F%40babel%2Fhelper-validator-identifier-7.15.7.tgz"
  "version" "7.15.7"

"@babel/parser@^7.15.0", "@babel/parser@^7.6.0", "@babel/parser@^7.9.6":
  "integrity" "sha512-6V0qdPUaiVHH3RtZeLIsc+6pDhbYzHR8ogA8w+f+Wc77DuXto19g2QUwveINoS34Uw+W8/hQDGJCx+i4n7xcng=="
  "resolved" "https://registry.npmmirror.com/@babel/parser/download/@babel/parser-7.16.4.tgz?cache=0&sync_timestamp=1637102910055&other_urls=https%3A%2F%2Fregistry.npmmirror.com%2F%40babel%2Fparser%2Fdownload%2F%40babel%2Fparser-7.16.4.tgz"
  "version" "7.16.4"

"@babel/types@^7.6.1", "@babel/types@^7.9.6":
  "integrity" "sha1-2zsxOAT5aq3Qt3bEgj4SetZyibo="
  "resolved" "https://registry.npmmirror.com/@babel/types/download/@babel/types-7.16.0.tgz?cache=0&sync_timestamp=1635560908248&other_urls=https%3A%2F%2Fregistry.npmmirror.com%2F%40babel%2Ftypes%2Fdownload%2F%40babel%2Ftypes-7.16.0.tgz"
  "version" "7.16.0"
  dependencies:
    "@babel/helper-validator-identifier" "^7.15.7"
    "to-fast-properties" "^2.0.0"

"@emmetio/abbreviation@^2.2.2":
  "integrity" "sha1-dGdi/Z56jC6mBPWAxi48/iUOaYk="
  "resolved" "https://registry.nlark.com/@emmetio/abbreviation/download/@emmetio/abbreviation-2.2.2.tgz"
  "version" "2.2.2"
  dependencies:
    "@emmetio/scanner" "^1.0.0"

"@emmetio/css-abbreviation@^2.1.4":
  "integrity" "sha1-kDYuihEizjt29sMVeQfTAYL1P1Q="
  "resolved" "https://registry.nlark.com/@emmetio/css-abbreviation/download/@emmetio/css-abbreviation-2.1.4.tgz"
  "version" "2.1.4"
  dependencies:
    "@emmetio/scanner" "^1.0.0"

"@emmetio/scanner@^1.0.0":
  "integrity" "sha1-Blsq9iM/50dNRII+PeuJckr0K18="
  "resolved" "https://registry.npm.taobao.org/@emmetio/scanner/download/@emmetio/scanner-1.0.0.tgz"
  "version" "1.0.0"

"@popperjs/core@^2.9.2":
  "integrity" "sha512-zrsUxjLOKAzdewIDRWy9nsV1GQsKBCWaGwsZQlCgr6/q+vjyZhFgqedLfFBuI9anTPEUT4APq9Mu0SZBTzIcGQ=="
  "resolved" "https://registry.npmmirror.com/@popperjs/core/download/@popperjs/core-2.11.0.tgz"
  "version" "2.11.0"

"@types/node@^17.0.0":
  "integrity" "sha512-eMhwJXc931Ihh4tkU+Y7GiLzT/y/DBNpNtr4yU9O2w3SYBsr9NaOPhQlLKRmoWtI54uNwuo0IOUFQjVOTZYRvw=="
  "resolved" "https://registry.npmjs.org/@types/node/-/node-17.0.0.tgz"
  "version" "17.0.0"

"@vant/icons@^1.7.1":
  "integrity" "sha1-Sa5CAwK1WB5U5olIkeWgW8dun4c="
  "resolved" "https://registry.npmmirror.com/@vant/icons/download/@vant/icons-1.7.1.tgz"
  "version" "1.7.1"

"@vant/popperjs@^1.1.0":
  "integrity" "sha1-tO3uW7+m+xhwWYbjE9T9XxeUKg8="
  "resolved" "https://registry.npm.taobao.org/@vant/popperjs/download/@vant/popperjs-1.1.0.tgz?cache=0&sync_timestamp=1617712371368&other_urls=https%3A%2F%2Fregistry.npm.taobao.org%2F%40vant%2Fpopperjs%2Fdownload%2F%40vant%2Fpopperjs-1.1.0.tgz"
  "version" "1.1.0"
  dependencies:
    "@popperjs/core" "^2.9.2"

"@vant/use@^1.3.4":
  "integrity" "sha512-XvZkPCjcmEBhD+T3vB68thOG6P9jazld6aBTMenhbAQd4FT/x9AiKIWPJx4MvhYoSIWt7fju6K01XTJldWs1hw=="
  "resolved" "https://registry.npmmirror.com/@vant/use/download/@vant/use-1.3.4.tgz?cache=0&sync_timestamp=1637544063803&other_urls=https%3A%2F%2Fregistry.npmmirror.com%2F%40vant%2Fuse%2Fdownload%2F%40vant%2Fuse-1.3.4.tgz"
  "version" "1.3.4"

"@vitejs/plugin-vue@^1.9.3":
  "integrity" "sha512-oL76QETMSpVE9jIScirGB2bYJEVU/+r+g+K7oG+sXPs9TZljqveoVRsmLyXlMZTjpQkLL8gz527cW80NMGVKJg=="
  "resolved" "https://registry.npmmirror.com/@vitejs/plugin-vue/download/@vitejs/plugin-vue-1.10.1.tgz"
  "version" "1.10.1"

"@volar/code-gen@^0.27.24":
  "integrity" "sha1-zNvoWJUcHuTgw5eSMtUkEtxGdWo="
  "resolved" "https://registry.npmmirror.com/@volar/code-gen/download/@volar/code-gen-0.27.24.tgz"
  "version" "0.27.24"
  dependencies:
    "@volar/shared" "^0.27.24"
    "@volar/source-map" "^0.27.24"

"@volar/html2pug@^0.27.13":
  "integrity" "sha1-SN+nPs8e8ZVaAqBG0MiIRZUPrIU="
  "resolved" "https://registry.npmmirror.com/@volar/html2pug/download/@volar/html2pug-0.27.13.tgz"
  "version" "0.27.13"
  dependencies:
    "domelementtype" "^2.2.0"
    "domhandler" "^4.2.0"
    "htmlparser2" "^6.1.0"
    "pug" "^3.0.2"

"@volar/shared@^0.27.24":
  "integrity" "sha1-ozRX7IrAsNNn7VTJ4hkTpfjC1sI="
  "resolved" "https://registry.npmmirror.com/@volar/shared/download/@volar/shared-0.27.24.tgz"
  "version" "0.27.24"
  dependencies:
    "upath" "^2.0.1"
    "vscode-jsonrpc" "^8.0.0-next.2"
    "vscode-uri" "^3.0.2"

"@volar/source-map@^0.27.24":
  "integrity" "sha1-YPLgcMFpvoLL9/+ilqMMKCPFIF8="
  "resolved" "https://registry.npmmirror.com/@volar/source-map/download/@volar/source-map-0.27.24.tgz"
  "version" "0.27.24"
  dependencies:
    "@volar/shared" "^0.27.24"

"@volar/transforms@^0.27.24":
  "integrity" "sha1-aOvFPcouNohOJHwIZuw9JO2BV4Q="
  "resolved" "https://registry.npmmirror.com/@volar/transforms/download/@volar/transforms-0.27.24.tgz"
  "version" "0.27.24"
  dependencies:
    "@volar/shared" "^0.27.24"
    "vscode-languageserver" "^8.0.0-next.2"

"@vscode/emmet-helper@^2.7.0":
  "integrity" "sha1-myzk/dYs8/2kXPivZ8ASz85V7ck="
  "resolved" "https://registry.npmmirror.com/@vscode/emmet-helper/download/@vscode/emmet-helper-2.8.2.tgz?cache=0&sync_timestamp=1634318724263&other_urls=https%3A%2F%2Fregistry.npmmirror.com%2F%40vscode%2Femmet-helper%2Fdownload%2F%40vscode%2Femmet-helper-2.8.2.tgz"
  "version" "2.8.2"
  dependencies:
    "emmet" "^2.3.0"
    "jsonc-parser" "^2.3.0"
    "vscode-languageserver-textdocument" "^1.0.1"
    "vscode-languageserver-types" "^3.15.1"
    "vscode-nls" "^5.0.0"
    "vscode-uri" "^2.1.2"

"@vue/compiler-core@3.2.23":
  "integrity" "sha512-4ZhiI/orx+7EJ1B+0zjgvXMV2uRN+XBfG06UN2sJfND9rH5gtEQT3QmO4erum1o6Irl7y754W8/KSaDJh4EUQg=="
  "resolved" "https://registry.npmmirror.com/@vue/compiler-core/download/@vue/compiler-core-3.2.23.tgz"
  "version" "3.2.23"
  dependencies:
    "@babel/parser" "^7.15.0"
    "@vue/shared" "3.2.23"
    "estree-walker" "^2.0.2"
    "source-map" "^0.6.1"

"@vue/compiler-dom@^3.2.19", "@vue/compiler-dom@3.2.23":
  "integrity" "sha512-X2Nw8QFc5lgoK3kio5ktM95nqmLUH+q+N/PbV4kCHzF1avqv/EGLnAhaaF0Iu4bewNvHJAAhhwPZFeoV/22nbw=="
  "resolved" "https://registry.npmmirror.com/@vue/compiler-dom/download/@vue/compiler-dom-3.2.23.tgz"
  "version" "3.2.23"
  dependencies:
    "@vue/compiler-core" "3.2.23"
    "@vue/shared" "3.2.23"

"@vue/compiler-sfc@3.2.23":
  "integrity" "sha512-Aw+pb50Q5zTjyvWod8mNKmYZDRGHJBptmNNWE+84ZxrzEztPgMz8cNYIzWGbwcFVkmJlhvioAMvKnB+LM/sjSA=="
  "resolved" "https://registry.npmmirror.com/@vue/compiler-sfc/download/@vue/compiler-sfc-3.2.23.tgz"
  "version" "3.2.23"
  dependencies:
    "@babel/parser" "^7.15.0"
    "@vue/compiler-core" "3.2.23"
    "@vue/compiler-dom" "3.2.23"
    "@vue/compiler-ssr" "3.2.23"
    "@vue/ref-transform" "3.2.23"
    "@vue/shared" "3.2.23"
    "estree-walker" "^2.0.2"
    "magic-string" "^0.25.7"
    "postcss" "^8.1.10"
    "source-map" "^0.6.1"

"@vue/compiler-ssr@3.2.23":
  "integrity" "sha512-Bqzn4jFyXPK1Ehqiq7e/czS8n62gtYF1Zfeu0DrR5uv+SBllh7LIvZjZU6+c8qbocAd3/T3I3gn2cZGmnDb6zg=="
  "resolved" "https://registry.npmmirror.com/@vue/compiler-ssr/download/@vue/compiler-ssr-3.2.23.tgz"
  "version" "3.2.23"
  dependencies:
    "@vue/compiler-dom" "3.2.23"
    "@vue/shared" "3.2.23"

"@vue/devtools-api@^6.0.0-beta.18":
  "integrity" "sha512-R2rfiRY+kZugzWh9ZyITaovx+jpU4vgivAEAiz80kvh3yviiTU3CBuGuyWpSwGz9/C7TkSWVM/FtQRGlZ16n8Q=="
  "resolved" "https://registry.npmmirror.com/@vue/devtools-api/download/@vue/devtools-api-6.0.0-beta.20.1.tgz?cache=0&sync_timestamp=1636562927577&other_urls=https%3A%2F%2Fregistry.npmmirror.com%2F%40vue%2Fdevtools-api%2Fdownload%2F%40vue%2Fdevtools-api-6.0.0-beta.20.1.tgz"
  "version" "6.0.0-beta.20.1"

"@vue/reactivity@^3.2.19", "@vue/reactivity@3.2.23":
  "integrity" "sha512-8RGVr/5Kpgb/EkCjgHXqttgA5IMc6n0lIXFY4TVbMkzdXrvaIhzBd7Te44oIDsTSYVKZLpfHd6/wEnuDqE8vFw=="
  "resolved" "https://registry.npmmirror.com/@vue/reactivity/download/@vue/reactivity-3.2.23.tgz"
  "version" "3.2.23"
  dependencies:
    "@vue/shared" "3.2.23"

"@vue/ref-transform@3.2.23":
  "integrity" "sha512-gW0GD2PSAs/th7mC7tPB/UwpIQxclbApVtsDtscDmOJXb2+cdu60ny+SuHNgfrlUT/JqWKQHq7jFKO4woxLNaA=="
  "resolved" "https://registry.npmmirror.com/@vue/ref-transform/download/@vue/ref-transform-3.2.23.tgz"
  "version" "3.2.23"
  dependencies:
    "@babel/parser" "^7.15.0"
    "@vue/compiler-core" "3.2.23"
    "@vue/shared" "3.2.23"
    "estree-walker" "^2.0.2"
    "magic-string" "^0.25.7"

"@vue/runtime-core@3.2.23":
  "integrity" "sha512-wSI5lmY2kCGLf89iiygqxVh6/5bsawz78Me9n1x4U2bHnN0yf3PWyuhN0WgIE8VfEaF7e75E333uboNEIFjgkg=="
  "resolved" "https://registry.npmmirror.com/@vue/runtime-core/download/@vue/runtime-core-3.2.23.tgz"
  "version" "3.2.23"
  dependencies:
    "@vue/reactivity" "3.2.23"
    "@vue/shared" "3.2.23"

"@vue/runtime-dom@3.2.23":
  "integrity" "sha512-z6lp0888NkLmxD9j2sGoll8Kb7J743s8s6w7GbiyUc4WZwm0KJ35B4qTFDMoIU0G7CatS6Z+yRTpPHc6srtByg=="
  "resolved" "https://registry.npmmirror.com/@vue/runtime-dom/download/@vue/runtime-dom-3.2.23.tgz"
  "version" "3.2.23"
  dependencies:
    "@vue/runtime-core" "3.2.23"
    "@vue/shared" "3.2.23"
    "csstype" "^2.6.8"

"@vue/server-renderer@3.2.23":
  "integrity" "sha512-mgQ2VAE5WjeZELJKNbwE69uiBNpN+3LyL0ZDki1bJWVwHD2fhPfx7pwyYuiucE81xz2LxVsyGxhKKUL997g8vw=="
  "resolved" "https://registry.npmmirror.com/@vue/server-renderer/download/@vue/server-renderer-3.2.23.tgz"
  "version" "3.2.23"
  dependencies:
    "@vue/compiler-ssr" "3.2.23"
    "@vue/shared" "3.2.23"

"@vue/shared@^3.2.19", "@vue/shared@3.2.23":
  "integrity" "sha512-U+/Jefa0QfXUF2qVy9Dqlrb6HKJSr9/wJcM66wXmWcTOoqg7hOWzF4qruDle51pyF4x3wMn6TSH54UdjKjCKMA=="
  "resolved" "https://registry.npmmirror.com/@vue/shared/download/@vue/shared-3.2.23.tgz"
  "version" "3.2.23"

"acorn@^7.1.1":
  "integrity" "sha1-/q7SVZc9LndVW4PbwIhRpsY1IPo="
  "resolved" "https://registry.npmmirror.com/acorn/download/acorn-7.4.1.tgz?cache=0&sync_timestamp=1637225522161&other_urls=https%3A%2F%2Fregistry.npmmirror.com%2Facorn%2Fdownload%2Facorn-7.4.1.tgz"
  "version" "7.4.1"

"asap@~2.0.3":
  "integrity" "sha1-5QNHYR1+aQlDIIu9r+vLwvuGbUY="
  "resolved" "https://registry.npm.taobao.org/asap/download/asap-2.0.6.tgz"
  "version" "2.0.6"

"assert-never@^1.2.1":
  "integrity" "sha1-EfDjY78UYgX7CBk7XHuQ9NHPRP4="
  "resolved" "https://registry.npm.taobao.org/assert-never/download/assert-never-1.2.1.tgz"
  "version" "1.2.1"

"axios@^0.24.0":
  "integrity" "sha1-gE5voeS5xSiFAd2d/1anoJQNINY="
  "resolved" "https://registry.npmmirror.com/axios/download/axios-0.24.0.tgz?cache=0&sync_timestamp=1635213960429&other_urls=https%3A%2F%2Fregistry.npmmirror.com%2Faxios%2Fdownload%2Faxios-0.24.0.tgz"
  "version" "0.24.0"
  dependencies:
    "follow-redirects" "^1.14.4"

"babel-walk@3.0.0-canary-5":
  "integrity" "sha1-9m7Ncpg1eu5ElV8jWm71QhkQSxE="
  "resolved" "https://registry.npm.taobao.org/babel-walk/download/babel-walk-3.0.0-canary-5.tgz"
  "version" "3.0.0-canary-5"
  dependencies:
    "@babel/types" "^7.9.6"

"boolbase@^1.0.0":
  "integrity" "sha1-aN/1++YMUes3cl6p4+0xDcwed24="
  "resolved" "https://registry.npmjs.org/boolbase/-/boolbase-1.0.0.tgz"
  "version" "1.0.0"

"call-bind@^1.0.2":
  "integrity" "sha1-sdTonmiBGcPJqQOtMKuy9qkZvjw="
  "resolved" "https://registry.nlark.com/call-bind/download/call-bind-1.0.2.tgz"
  "version" "1.0.2"
  dependencies:
    "function-bind" "^1.1.1"
    "get-intrinsic" "^1.0.2"

"character-parser@^2.2.0":
  "integrity" "sha1-x84o821LzZdE5f/CxfzeHHMmH8A="
  "resolved" "https://registry.npm.taobao.org/character-parser/download/character-parser-2.2.0.tgz"
  "version" "2.2.0"
  dependencies:
    "is-regex" "^1.0.3"

"cheerio-select@^1.5.0":
  "integrity" "sha512-qocaHPv5ypefh6YNxvnbABM07KMxExbtbfuJoIie3iZXX1ERwYmJcIiRrr9H05ucQP1k28dav8rpdDgjQd8drg=="
  "resolved" "https://registry.npmjs.org/cheerio-select/-/cheerio-select-1.5.0.tgz"
  "version" "1.5.0"
  dependencies:
    "css-select" "^4.1.3"
    "css-what" "^5.0.1"
    "domelementtype" "^2.2.0"
    "domhandler" "^4.2.0"
    "domutils" "^2.7.0"

"cheerio@^1.0.0-rc.10":
  "integrity" "sha512-g0J0q/O6mW8z5zxQ3A8E8J1hUgp4SMOvEoW/x84OwyHKe/Zccz83PVT4y5Crcr530FV6NgmKI1qvGTKVl9XXVw=="
  "resolved" "https://registry.npmjs.org/cheerio/-/cheerio-1.0.0-rc.10.tgz"
  "version" "1.0.0-rc.10"
  dependencies:
    "cheerio-select" "^1.5.0"
    "dom-serializer" "^1.3.2"
    "domhandler" "^4.2.0"
    "htmlparser2" "^6.1.0"
    "parse5" "^6.0.1"
    "parse5-htmlparser2-tree-adapter" "^6.0.1"
    "tslib" "^2.2.0"

"constantinople@^4.0.1":
  "integrity" "sha1-De8RP6Dk3I3oMzGlz3nIsyUhMVE="
  "resolved" "https://registry.npm.taobao.org/constantinople/download/constantinople-4.0.1.tgz"
  "version" "4.0.1"
  dependencies:
    "@babel/parser" "^7.6.0"
    "@babel/types" "^7.6.1"

"copy-anything@^2.0.1":
  "integrity" "sha1-hCQHugJGaw34RIGbvjuuu+XUXYc="
  "resolved" "https://registry.npmmirror.com/copy-anything/download/copy-anything-2.0.3.tgz"
  "version" "2.0.3"
  dependencies:
    "is-what" "^3.12.0"

"css-select@^4.1.3":
  "integrity" "sha512-6YVG6hsH9yIb/si3Th/is8Pex7qnVHO6t7q7U6TIUnkQASGbS8tnUDBftnPynLNnuUl/r2+PTd0ekiiq7R0zJw=="
  "resolved" "https://registry.npmjs.org/css-select/-/css-select-4.2.0.tgz"
  "version" "4.2.0"
  dependencies:
    "boolbase" "^1.0.0"
    "css-what" "^5.1.0"
    "domhandler" "^4.3.0"
    "domutils" "^2.8.0"
    "nth-check" "^2.0.1"

"css-what@^5.0.1", "css-what@^5.1.0":
  "integrity" "sha512-arSMRWIIFY0hV8pIxZMEfmMI47Wj3R/aWpZDDxWYCPEiOMv6tfOrnpDtgxBYPEQD4V0Y/958+1TdC3iWTFcUPw=="
  "resolved" "https://registry.npmjs.org/css-what/-/css-what-5.1.0.tgz"
  "version" "5.1.0"

"csstype@^2.6.8":
  "integrity" "sha512-ZVxXaNy28/k3kJg0Fou5MiYpp88j7H9hLZp8PDC3jV0WFjfH5E9xHb56L0W59cPbKbcHXeP4qyT8PrHp8t6LcQ=="
  "resolved" "https://registry.npmmirror.com/csstype/download/csstype-2.6.19.tgz"
  "version" "2.6.19"

"dayjs@^1.10.7":
  "integrity" "sha1-LPX5Gt0oEWdIRAhmoKHSbzps5Gg="
  "resolved" "https://registry.nlark.com/dayjs/download/dayjs-1.10.7.tgz?cache=0&sync_timestamp=1631633245174&other_urls=https%3A%2F%2Fregistry.nlark.com%2Fdayjs%2Fdownload%2Fdayjs-1.10.7.tgz"
  "version" "1.10.7"

"debug@^3.2.6":
  "integrity" "sha1-clgLfpFF+zm2Z2+cXl+xALk0F5o="
  "resolved" "https://registry.npmmirror.com/debug/download/debug-3.2.7.tgz"
  "version" "3.2.7"
  dependencies:
    "ms" "^2.1.1"

"doctypes@^1.1.0":
  "integrity" "sha1-6oCxBqh1OHdOijpKWv4pPeSJ4Kk="
  "resolved" "https://registry.nlark.com/doctypes/download/doctypes-1.1.0.tgz"
  "version" "1.1.0"

"dom-serializer@^1.0.1", "dom-serializer@^1.3.2":
  "integrity" "sha1-YgZDfTLO767HFhgDIwx6ILwbTZE="
  "resolved" "https://registry.nlark.com/dom-serializer/download/dom-serializer-1.3.2.tgz?cache=0&sync_timestamp=1621256830355&other_urls=https%3A%2F%2Fregistry.nlark.com%2Fdom-serializer%2Fdownload%2Fdom-serializer-1.3.2.tgz"
  "version" "1.3.2"
  dependencies:
    "domelementtype" "^2.0.1"
    "domhandler" "^4.2.0"
    "entities" "^2.0.0"

"domelementtype@^2.0.1", "domelementtype@^2.2.0":
  "integrity" "sha1-mgtsJ4LtahxzI9QiZxg9+b2LHVc="
  "resolved" "https://registry.npm.taobao.org/domelementtype/download/domelementtype-2.2.0.tgz?cache=0&sync_timestamp=1617298545989&other_urls=https%3A%2F%2Fregistry.npm.taobao.org%2Fdomelementtype%2Fdownload%2Fdomelementtype-2.2.0.tgz"
  "version" "2.2.0"

"domhandler@^4.0.0", "domhandler@^4.2.0", "domhandler@^4.3.0":
  "integrity" "sha512-fC0aXNQXqKSFTr2wDNZDhsEYjCiYsDWl3D01kwt25hm1YIPyDGHvvi3rw+PLqHAl/m71MaiF7d5zvBr0p5UB2g=="
  "resolved" "https://registry.npmmirror.com/domhandler/download/domhandler-4.3.0.tgz"
  "version" "4.3.0"
  dependencies:
    "domelementtype" "^2.2.0"

"domutils@^2.5.2", "domutils@^2.7.0", "domutils@^2.8.0":
  "integrity" "sha1-RDfe9dtuLR9dbuhZvZXKfQIEgTU="
  "resolved" "https://registry.nlark.com/domutils/download/domutils-2.8.0.tgz?cache=0&sync_timestamp=1630106606599&other_urls=https%3A%2F%2Fregistry.nlark.com%2Fdomutils%2Fdownload%2Fdomutils-2.8.0.tgz"
  "version" "2.8.0"
  dependencies:
    "dom-serializer" "^1.0.1"
    "domelementtype" "^2.2.0"
    "domhandler" "^4.2.0"

"emmet@^2.3.0":
  "integrity" "sha1-W6DXpVaaaMdpffqJDHcuTzF50SM="
  "resolved" "https://registry.npm.taobao.org/emmet/download/emmet-2.3.4.tgz"
  "version" "2.3.4"
  dependencies:
    "@emmetio/abbreviation" "^2.2.2"
    "@emmetio/css-abbreviation" "^2.1.4"

"entities@^2.0.0":
  "integrity" "sha1-CY3JDruD2N/6CJ1VJWs1HTTE2lU="
  "resolved" "https://registry.nlark.com/entities/download/entities-2.2.0.tgz?cache=0&sync_timestamp=1628508189267&other_urls=https%3A%2F%2Fregistry.nlark.com%2Fentities%2Fdownload%2Fentities-2.2.0.tgz"
  "version" "2.2.0"

"errno@^0.1.1":
  "integrity" "sha1-i7Ppx9Rjvkl2/4iPdrSAnrwugR8="
  "resolved" "https://registry.nlark.com/errno/download/errno-0.1.8.tgz"
  "version" "0.1.8"
  dependencies:
    "prr" "~1.0.1"

"esbuild-darwin-64@0.13.15":
  "integrity" "sha512-ihOQRGs2yyp7t5bArCwnvn2Atr6X4axqPpEdCFPVp7iUj4cVSdisgvEKdNR7yH3JDjW6aQDw40iQFoTqejqxvQ=="
  "resolved" "https://registry.npmmirror.com/esbuild-darwin-64/download/esbuild-darwin-64-0.13.15.tgz"
  "version" "0.13.15"

"esbuild@^0.13.2":
  "integrity" "sha512-raCxt02HBKv8RJxE8vkTSCXGIyKHdEdGfUmiYb8wnabnaEmHzyW7DCHb5tEN0xU8ryqg5xw54mcwnYkC4x3AIw=="
  "resolved" "https://registry.npmmirror.com/esbuild/download/esbuild-0.13.15.tgz"
  "version" "0.13.15"
  optionalDependencies:
    "esbuild-android-arm64" "0.13.15"
    "esbuild-darwin-64" "0.13.15"
    "esbuild-darwin-arm64" "0.13.15"
    "esbuild-freebsd-64" "0.13.15"
    "esbuild-freebsd-arm64" "0.13.15"
    "esbuild-linux-32" "0.13.15"
    "esbuild-linux-64" "0.13.15"
    "esbuild-linux-arm" "0.13.15"
    "esbuild-linux-arm64" "0.13.15"
    "esbuild-linux-mips64le" "0.13.15"
    "esbuild-linux-ppc64le" "0.13.15"
    "esbuild-netbsd-64" "0.13.15"
    "esbuild-openbsd-64" "0.13.15"
    "esbuild-sunos-64" "0.13.15"
    "esbuild-windows-32" "0.13.15"
    "esbuild-windows-64" "0.13.15"
    "esbuild-windows-arm64" "0.13.15"

"estree-walker@^2.0.2":
  "integrity" "sha1-UvAQF4wqTBF6d1fP6UKtt9LaTKw="
  "resolved" "https://registry.npm.taobao.org/estree-walker/download/estree-walker-2.0.2.tgz?cache=0&sync_timestamp=1611956983677&other_urls=https%3A%2F%2Fregistry.npm.taobao.org%2Festree-walker%2Fdownload%2Festree-walker-2.0.2.tgz"
  "version" "2.0.2"

"follow-redirects@^1.14.4":
  "integrity" "sha1-8JpYSJgdPHcrU5Iwl3hSP42Fw4E="
  "resolved" "https://registry.npmmirror.com/follow-redirects/download/follow-redirects-1.14.5.tgz"
  "version" "1.14.5"

"fsevents@~2.3.2":
  "integrity" "sha1-ilJveLj99GI7cJ4Ll1xSwkwC/Ro="
  "resolved" "https://registry.npmmirror.com/fsevents/download/fsevents-2.3.2.tgz"
  "version" "2.3.2"

"function-bind@^1.1.1":
  "integrity" "sha1-pWiZ0+o8m6uHS7l3O3xe3pL0iV0="
  "resolved" "https://registry.npm.taobao.org/function-bind/download/function-bind-1.1.1.tgz"
  "version" "1.1.1"

"get-intrinsic@^1.0.2":
  "integrity" "sha1-FfWfN2+FXERpY5SPDSTNNje0q8Y="
  "resolved" "https://registry.nlark.com/get-intrinsic/download/get-intrinsic-1.1.1.tgz"
  "version" "1.1.1"
  dependencies:
    "function-bind" "^1.1.1"
    "has" "^1.0.3"
    "has-symbols" "^1.0.1"

"graceful-fs@^4.1.2":
  "integrity" "sha1-5BK40z9eAGWTy9PO5t+fLOu+gCo="
  "resolved" "https://registry.npmmirror.com/graceful-fs/download/graceful-fs-4.2.8.tgz"
  "version" "4.2.8"

"has-symbols@^1.0.1", "has-symbols@^1.0.2":
  "integrity" "sha1-Fl0wcMADCXUqEjakeTMeOsVvFCM="
  "resolved" "https://registry.nlark.com/has-symbols/download/has-symbols-1.0.2.tgz"
  "version" "1.0.2"

"has-tostringtag@^1.0.0":
  "integrity" "sha1-fhM4GKfTlHNPlB5zw9P5KR5liyU="
  "resolved" "https://registry.nlark.com/has-tostringtag/download/has-tostringtag-1.0.0.tgz?cache=0&sync_timestamp=1628196402801&other_urls=https%3A%2F%2Fregistry.nlark.com%2Fhas-tostringtag%2Fdownload%2Fhas-tostringtag-1.0.0.tgz"
  "version" "1.0.0"
  dependencies:
    "has-symbols" "^1.0.2"

"has@^1.0.3":
  "integrity" "sha1-ci18v8H2qoJB8W3YFOAR4fQeh5Y="
  "resolved" "https://registry.nlark.com/has/download/has-1.0.3.tgz"
  "version" "1.0.3"
  dependencies:
    "function-bind" "^1.1.1"

"htmlparser2@^6.1.0":
  "integrity" "sha1-xNditsM3GgXb5l6UrkOp+EX7j7c="
  "resolved" "https://registry.npmmirror.com/htmlparser2/download/htmlparser2-6.1.0.tgz?cache=0&sync_timestamp=1636640940074&other_urls=https%3A%2F%2Fregistry.npmmirror.com%2Fhtmlparser2%2Fdownload%2Fhtmlparser2-6.1.0.tgz"
  "version" "6.1.0"
  dependencies:
    "domelementtype" "^2.0.1"
    "domhandler" "^4.0.0"
    "domutils" "^2.5.2"
    "entities" "^2.0.0"

"iconv-lite@^0.4.4":
  "integrity" "sha1-ICK0sl+93CHS9SSXSkdKr+czkIs="
  "resolved" "https://registry.nlark.com/iconv-lite/download/iconv-lite-0.4.24.tgz?cache=0&sync_timestamp=1621826342262&other_urls=https%3A%2F%2Fregistry.nlark.com%2Ficonv-lite%2Fdownload%2Ficonv-lite-0.4.24.tgz"
  "version" "0.4.24"
  dependencies:
    "safer-buffer" ">= 2.1.2 < 3"

"image-size@~0.5.0":
  "integrity" "sha1-Cd/Uq50g4p6xw+gLiZA3jfnjy5w="
  "resolved" "https://registry.nlark.com/image-size/download/image-size-0.5.5.tgz"
  "version" "0.5.5"

"is-core-module@^2.2.0":
  "integrity" "sha1-AyEzbD0JJeSX/Zf12VyxFKXM1Ug="
  "resolved" "https://registry.npmmirror.com/is-core-module/download/is-core-module-2.8.0.tgz?cache=0&other_urls=https%3A%2F%2Fregistry.npmmirror.com%2Fis-core-module%2Fdownload%2Fis-core-module-2.8.0.tgz"
  "version" "2.8.0"
  dependencies:
    "has" "^1.0.3"

"is-expression@^4.0.0":
  "integrity" "sha1-wzFVliq/IdCv0lUlFNZ9LsFv0qs="
  "resolved" "https://registry.npm.taobao.org/is-expression/download/is-expression-4.0.0.tgz"
  "version" "4.0.0"
  dependencies:
    "acorn" "^7.1.1"
    "object-assign" "^4.1.1"

"is-promise@^2.0.0":
  "integrity" "sha1-OauVnMv5p3TPB597QMeib3YxNfE="
  "resolved" "https://registry.nlark.com/is-promise/download/is-promise-2.2.2.tgz"
  "version" "2.2.2"

"is-regex@^1.0.3":
  "integrity" "sha1-7vVmPNWfpMCuM5UFMj32hUuxWVg="
  "resolved" "https://registry.nlark.com/is-regex/download/is-regex-1.1.4.tgz?cache=0&sync_timestamp=1628221905423&other_urls=https%3A%2F%2Fregistry.nlark.com%2Fis-regex%2Fdownload%2Fis-regex-1.1.4.tgz"
  "version" "1.1.4"
  dependencies:
    "call-bind" "^1.0.2"
    "has-tostringtag" "^1.0.0"

"is-what@^3.12.0":
  "integrity" "sha1-4SIvRt3ahd6tD9HJ3xMXYOd3VcE="
  "resolved" "https://registry.npmmirror.com/is-what/download/is-what-3.14.1.tgz?cache=0&sync_timestamp=1634283360064&other_urls=https%3A%2F%2Fregistry.npmmirror.com%2Fis-what%2Fdownload%2Fis-what-3.14.1.tgz"
  "version" "3.14.1"

"js-stringify@^1.0.2":
  "integrity" "sha1-Fzb939lyTyijaCrcYjCufk6Weds="
  "resolved" "https://registry.npm.taobao.org/js-stringify/download/js-stringify-1.0.2.tgz"
  "version" "1.0.2"

"jsonc-parser@^2.3.0":
  "integrity" "sha1-WVSRULEz8u+sykj+nOHsBlmvI0I="
  "resolved" "https://registry.npm.taobao.org/jsonc-parser/download/jsonc-parser-2.3.1.tgz?cache=0&sync_timestamp=1605281904422&other_urls=https%3A%2F%2Fregistry.npm.taobao.org%2Fjsonc-parser%2Fdownload%2Fjsonc-parser-2.3.1.tgz"
  "version" "2.3.1"

"jsonc-parser@^3.0.0":
  "integrity" "sha1-q914VwHH5+rKip7IzwcMpRp0WiI="
  "resolved" "https://registry.npm.taobao.org/jsonc-parser/download/jsonc-parser-3.0.0.tgz?cache=0&sync_timestamp=1605281904422&other_urls=https%3A%2F%2Fregistry.npm.taobao.org%2Fjsonc-parser%2Fdownload%2Fjsonc-parser-3.0.0.tgz"
  "version" "3.0.0"

"jstransformer@1.0.0":
  "integrity" "sha1-7Yvwkh4vPx7U1cGkT2hwntJHIsM="
  "resolved" "https://registry.npm.taobao.org/jstransformer/download/jstransformer-1.0.0.tgz"
  "version" "1.0.0"
  dependencies:
    "is-promise" "^2.0.0"
    "promise" "^7.0.1"

"less@*", "less@^4.1.2":
  "integrity" "sha1-YJnuWEmZdQwmJLZfgBRfhnTktLA="
  "resolved" "https://registry.npmmirror.com/less/download/less-4.1.2.tgz?cache=0&sync_timestamp=1633303651089&other_urls=https%3A%2F%2Fregistry.npmmirror.com%2Fless%2Fdownload%2Fless-4.1.2.tgz"
  "version" "4.1.2"
  dependencies:
    "copy-anything" "^2.0.1"
    "parse-node-version" "^1.0.1"
    "tslib" "^2.3.0"
  optionalDependencies:
    "errno" "^0.1.1"
    "graceful-fs" "^4.1.2"
    "image-size" "~0.5.0"
    "make-dir" "^2.1.0"
    "mime" "^1.4.1"
    "needle" "^2.5.2"
    "source-map" "~0.6.0"

"lru-cache@^6.0.0":
  "integrity" "sha1-bW/mVw69lqr5D8rR2vo7JWbbOpQ="
  "resolved" "https://registry.nlark.com/lru-cache/download/lru-cache-6.0.0.tgz"
  "version" "6.0.0"
  dependencies:
    "yallist" "^4.0.0"

"magic-string@^0.25.7":
  "integrity" "sha1-P0l9b9NMZpxnmNy4IfLvMfVEUFE="
  "resolved" "https://registry.nlark.com/magic-string/download/magic-string-0.25.7.tgz?cache=0&sync_timestamp=1618847046304&other_urls=https%3A%2F%2Fregistry.nlark.com%2Fmagic-string%2Fdownload%2Fmagic-string-0.25.7.tgz"
  "version" "0.25.7"
  dependencies:
    "sourcemap-codec" "^1.4.4"

"make-dir@^2.1.0":
  "integrity" "sha1-XwMQ4YuL6JjMBwCSlaMK5B6R5vU="
  "resolved" "https://registry.npm.taobao.org/make-dir/download/make-dir-2.1.0.tgz"
  "version" "2.1.0"
  dependencies:
    "pify" "^4.0.1"
    "semver" "^5.6.0"

"mime@^1.4.1":
  "integrity" "sha1-Ms2eXGRVO9WNGaVor0Uqz/BJgbE="
  "resolved" "https://registry.npmmirror.com/mime/download/mime-1.6.0.tgz"
  "version" "1.6.0"

"ms@^2.1.1":
  "integrity" "sha1-V0yBOM4dK1hh8LRFedut1gxmFbI="
  "resolved" "https://registry.npmmirror.com/ms/download/ms-2.1.3.tgz"
  "version" "2.1.3"

"nanoid@^3.1.30":
  "integrity" "sha1-Y/k8xUjSoRPcXfvGO/oJ4rm2Q2I="
  "resolved" "https://registry.npmmirror.com/nanoid/download/nanoid-3.1.30.tgz?cache=0&sync_timestamp=1634166192601&other_urls=https%3A%2F%2Fregistry.npmmirror.com%2Fnanoid%2Fdownload%2Fnanoid-3.1.30.tgz"
  "version" "3.1.30"

"needle@^2.5.2":
  "integrity" "sha1-ItHf++NJDCuD4wH3cJtnNs2PJoQ="
  "resolved" "https://registry.nlark.com/needle/download/needle-2.9.1.tgz?cache=0&sync_timestamp=1630674795023&other_urls=https%3A%2F%2Fregistry.nlark.com%2Fneedle%2Fdownload%2Fneedle-2.9.1.tgz"
  "version" "2.9.1"
  dependencies:
    "debug" "^3.2.6"
    "iconv-lite" "^0.4.4"
    "sax" "^1.2.4"

"nth-check@^2.0.1":
  "integrity" "sha512-it1vE95zF6dTT9lBsYbxvqh0Soy4SPowchj0UBGj/V6cTPnXXtQOPUbhZ6CmGzAD/rW22LQK6E96pcdJXk4A4w=="
  "resolved" "https://registry.npmjs.org/nth-check/-/nth-check-2.0.1.tgz"
  "version" "2.0.1"
  dependencies:
    "boolbase" "^1.0.0"

"object-assign@^4.1.1":
  "integrity" "sha1-IQmtx5ZYh8/AXLvUQsrIv7s2CGM="
  "resolved" "https://registry.nlark.com/object-assign/download/object-assign-4.1.1.tgz?cache=0&sync_timestamp=1618847043548&other_urls=https%3A%2F%2Fregistry.nlark.com%2Fobject-assign%2Fdownload%2Fobject-assign-4.1.1.tgz"
  "version" "4.1.1"

"parse-node-version@^1.0.1":
  "integrity" "sha1-4rXb7eAOf6m8NjYH9TMn6LBzGJs="
  "resolved" "https://registry.npmmirror.com/parse-node-version/download/parse-node-version-1.0.1.tgz"
  "version" "1.0.1"

"parse5-htmlparser2-tree-adapter@^6.0.1":
  "integrity" "sha512-qPuWvbLgvDGilKc5BoicRovlT4MtYT6JfJyBOMDsKoiT+GiuP5qyrPCnR9HcPECIJJmZh5jRndyNThnhhb/vlA=="
  "resolved" "https://registry.npmjs.org/parse5-htmlparser2-tree-adapter/-/parse5-htmlparser2-tree-adapter-6.0.1.tgz"
  "version" "6.0.1"
  dependencies:
    "parse5" "^6.0.1"

"parse5@^6.0.1":
  "integrity" "sha512-Ofn/CTFzRGTTxwpNEs9PP93gXShHcTq255nzRYSKe8AkVpZY7e1fpmTfOyoIvjP5HG7Z2ZM7VS9PPhQGW2pOpw=="
  "resolved" "https://registry.npmjs.org/parse5/-/parse5-6.0.1.tgz"
  "version" "6.0.1"

"path-parse@^1.0.6":
  "integrity" "sha1-+8EUtgykKzDZ2vWFjkvWi77bZzU="
  "resolved" "https://registry.nlark.com/path-parse/download/path-parse-1.0.7.tgz"
  "version" "1.0.7"

"picocolors@^1.0.0":
  "integrity" "sha1-y1vcdP8/UYkiNur3nWi8RFZKuBw="
  "resolved" "https://registry.npmmirror.com/picocolors/download/picocolors-1.0.0.tgz?cache=0&sync_timestamp=1634093442271&other_urls=https%3A%2F%2Fregistry.npmmirror.com%2Fpicocolors%2Fdownload%2Fpicocolors-1.0.0.tgz"
  "version" "1.0.0"

"pify@^4.0.1":
  "integrity" "sha1-SyzSXFDVmHNcUCkiJP2MbfQeMjE="
  "resolved" "https://registry.npm.taobao.org/pify/download/pify-4.0.1.tgz"
  "version" "4.0.1"

"postcss@^8.1.10", "postcss@^8.3.8":
  "integrity" "sha512-joU6fBsN6EIer28Lj6GDFoC/5yOZzLCfn0zHAn/MYXI7aPt4m4hK5KC5ovEZXy+lnCjmYIbQWngvju2ddyEr8Q=="
  "resolved" "https://registry.npmmirror.com/postcss/download/postcss-8.4.4.tgz"
  "version" "8.4.4"
  dependencies:
    "nanoid" "^3.1.30"
    "picocolors" "^1.0.0"
    "source-map-js" "^1.0.1"

"prettier@^2.5.1":
  "integrity" "sha512-vBZcPRUR5MZJwoyi3ZoyQlc1rXeEck8KgeC9AwwOn+exuxLxq5toTRDTSaVrXHxelDMHy9zlicw8u66yxoSUFg=="
  "resolved" "https://registry.npmmirror.com/prettier/download/prettier-2.5.1.tgz"
  "version" "2.5.1"

"promise@^7.0.1":
  "integrity" "sha1-BktyYCsY+Q8pGSuLG8QY/9Hr078="
  "resolved" "https://registry.nlark.com/promise/download/promise-7.3.1.tgz"
  "version" "7.3.1"
  dependencies:
    "asap" "~2.0.3"

"prr@~1.0.1":
  "integrity" "sha1-0/wRS6BplaRexok/SEzrHXj19HY="
  "resolved" "https://registry.npmmirror.com/prr/download/prr-1.0.1.tgz"
  "version" "1.0.1"

"pug-attrs@^3.0.0":
  "integrity" "sha1-sQRR4DSBZeMfrRzCPr3dncc0fEE="
  "resolved" "https://registry.npm.taobao.org/pug-attrs/download/pug-attrs-3.0.0.tgz"
  "version" "3.0.0"
  dependencies:
    "constantinople" "^4.0.1"
    "js-stringify" "^1.0.2"
    "pug-runtime" "^3.0.0"

"pug-code-gen@^3.0.2":
  "integrity" "sha1-rRkPSUMTO/GGtguA3kgxAOEy4s4="
  "resolved" "https://registry.npm.taobao.org/pug-code-gen/download/pug-code-gen-3.0.2.tgz"
  "version" "3.0.2"
  dependencies:
    "constantinople" "^4.0.1"
    "doctypes" "^1.1.0"
    "js-stringify" "^1.0.2"
    "pug-attrs" "^3.0.0"
    "pug-error" "^2.0.0"
    "pug-runtime" "^3.0.0"
    "void-elements" "^3.1.0"
    "with" "^7.0.0"

"pug-error@^2.0.0":
  "integrity" "sha1-XGIXPLCcNN4qLOBPF7it/sdNjKU="
  "resolved" "https://registry.npm.taobao.org/pug-error/download/pug-error-2.0.0.tgz"
  "version" "2.0.0"

"pug-filters@^4.0.0":
  "integrity" "sha1-0+Sa9bqEcum3pm2YDnB86dLMm14="
  "resolved" "https://registry.npm.taobao.org/pug-filters/download/pug-filters-4.0.0.tgz"
  "version" "4.0.0"
  dependencies:
    "constantinople" "^4.0.1"
    "jstransformer" "1.0.0"
    "pug-error" "^2.0.0"
    "pug-walk" "^2.0.0"
    "resolve" "^1.15.1"

"pug-lexer@^5.0.1":
  "integrity" "sha1-rkRijFvvmxkLZlaDsojKkCS4sNU="
  "resolved" "https://registry.npm.taobao.org/pug-lexer/download/pug-lexer-5.0.1.tgz"
  "version" "5.0.1"
  dependencies:
    "character-parser" "^2.2.0"
    "is-expression" "^4.0.0"
    "pug-error" "^2.0.0"

"pug-linker@^4.0.0":
  "integrity" "sha1-EsvAWU/Fo+Brn8Web5PBRpYqdwg="
  "resolved" "https://registry.npm.taobao.org/pug-linker/download/pug-linker-4.0.0.tgz"
  "version" "4.0.0"
  dependencies:
    "pug-error" "^2.0.0"
    "pug-walk" "^2.0.0"

"pug-load@^3.0.0":
  "integrity" "sha1-n9nNpSICsIrbEdJWgfufNL1BtmI="
  "resolved" "https://registry.npm.taobao.org/pug-load/download/pug-load-3.0.0.tgz"
  "version" "3.0.0"
  dependencies:
    "object-assign" "^4.1.1"
    "pug-walk" "^2.0.0"

"pug-parser@^6.0.0":
  "integrity" "sha1-qP3ANYY6lbLB3F6/Ts+AtOdqEmA="
  "resolved" "https://registry.npm.taobao.org/pug-parser/download/pug-parser-6.0.0.tgz"
  "version" "6.0.0"
  dependencies:
    "pug-error" "^2.0.0"
    "token-stream" "1.0.0"

"pug-runtime@^3.0.0", "pug-runtime@^3.0.1":
  "integrity" "sha1-9jaXYgRyPzWoxfb61qzaKhkbg9c="
  "resolved" "https://registry.npm.taobao.org/pug-runtime/download/pug-runtime-3.0.1.tgz"
  "version" "3.0.1"

"pug-strip-comments@^2.0.0":
  "integrity" "sha1-+UsH/WtJVSMzD0kKf1VLT/h2MD4="
  "resolved" "https://registry.npm.taobao.org/pug-strip-comments/download/pug-strip-comments-2.0.0.tgz"
  "version" "2.0.0"
  dependencies:
    "pug-error" "^2.0.0"

"pug-walk@^2.0.0":
  "integrity" "sha1-QXqrwpIyu0SZtbUGmistKiTV9f4="
  "resolved" "https://registry.npm.taobao.org/pug-walk/download/pug-walk-2.0.0.tgz"
  "version" "2.0.0"

"pug@^3.0.2":
  "integrity" "sha1-81xxBzQ0VOQ7wnrg/3bHMbeOpTU="
  "resolved" "https://registry.npm.taobao.org/pug/download/pug-3.0.2.tgz"
  "version" "3.0.2"
  dependencies:
    "pug-code-gen" "^3.0.2"
    "pug-filters" "^4.0.0"
    "pug-lexer" "^5.0.1"
    "pug-linker" "^4.0.0"
    "pug-load" "^3.0.0"
    "pug-parser" "^6.0.0"
    "pug-runtime" "^3.0.1"
    "pug-strip-comments" "^2.0.0"

"request-light@^0.5.4":
  "integrity" "sha512-AvjfJuhyT6dYfhtIBF+IpTPQco+Td1QJ6PsIJ5xui110vQ5p9HxHk+m1XJqXazLQT6CxxSx9eNv6R/+fu4bZig=="
  "resolved" "https://registry.npmmirror.com/request-light/download/request-light-0.5.5.tgz"
  "version" "0.5.5"

"resolve@^1.15.1", "resolve@^1.20.0":
  "integrity" "sha1-YpoBP7P3B1XW8LeTXMHCxTeLGXU="
  "resolved" "https://registry.npm.taobao.org/resolve/download/resolve-1.20.0.tgz"
  "version" "1.20.0"
  dependencies:
    "is-core-module" "^2.2.0"
    "path-parse" "^1.0.6"

"rollup@^2.57.0":
  "integrity" "sha512-1Bgjpq61sPjgoZzuiDSGvbI1tD91giZABgjCQBKM5aYLnzjq52GoDuWVwT/cm/MCxCMPU8gqQvkj8doQ5C8Oqw=="
  "resolved" "https://registry.npmmirror.com/rollup/download/rollup-2.60.2.tgz"
  "version" "2.60.2"
  optionalDependencies:
    "fsevents" "~2.3.2"

"safer-buffer@>= 2.1.2 < 3":
  "integrity" "sha1-RPoWGwGHuVSd2Eu5GAL5vYOFzWo="
  "resolved" "https://registry.nlark.com/safer-buffer/download/safer-buffer-2.1.2.tgz"
  "version" "2.1.2"

"sax@^1.2.4":
  "integrity" "sha1-KBYjTiN4vdxOU1T6tcqold9xANk="
  "resolved" "https://registry.nlark.com/sax/download/sax-1.2.4.tgz"
  "version" "1.2.4"

"semver@^5.6.0":
  "integrity" "sha1-qVT5Ma66UI0we78Gnv8MAclhFvc="
  "resolved" "https://registry.npm.taobao.org/semver/download/semver-5.7.1.tgz"
  "version" "5.7.1"

"semver@^7.3.5":
  "integrity" "sha1-C2Ich5NI2JmOSw5L6Us/EuYBjvc="
  "resolved" "https://registry.nlark.com/semver/download/semver-7.3.5.tgz?cache=0&sync_timestamp=1622604551741&other_urls=https%3A%2F%2Fregistry.nlark.com%2Fsemver%2Fdownload%2Fsemver-7.3.5.tgz"
  "version" "7.3.5"
  dependencies:
    "lru-cache" "^6.0.0"

"source-map-js@^1.0.1":
  "integrity" "sha512-4+TN2b3tqOCd/kaGRJ/sTYA0tR0mdXx26ipdolxcwtJVqEnqNYvlCAt1q3ypy4QMlYus+Zh34RNtYLoq2oQ4IA=="
  "resolved" "https://registry.npmmirror.com/source-map-js/download/source-map-js-1.0.1.tgz?cache=0&sync_timestamp=1636400772640&other_urls=https%3A%2F%2Fregistry.npmmirror.com%2Fsource-map-js%2Fdownload%2Fsource-map-js-1.0.1.tgz"
  "version" "1.0.1"

"source-map@^0.6.1", "source-map@~0.6.0":
  "integrity" "sha1-dHIq8y6WFOnCh6jQu95IteLxomM="
  "resolved" "https://registry.nlark.com/source-map/download/source-map-0.6.1.tgz"
  "version" "0.6.1"

"sourcemap-codec@^1.4.4":
  "integrity" "sha1-6oBL2UhXQC5pktBaOO8a41qatMQ="
  "resolved" "https://registry.nlark.com/sourcemap-codec/download/sourcemap-codec-1.4.8.tgz"
  "version" "1.4.8"

"to-fast-properties@^2.0.0":
  "integrity" "sha1-3F5pjL0HkmW8c+A3doGk5Og/YW4="
  "resolved" "https://registry.nlark.com/to-fast-properties/download/to-fast-properties-2.0.0.tgz?cache=0&sync_timestamp=1628418855671&other_urls=https%3A%2F%2Fregistry.nlark.com%2Fto-fast-properties%2Fdownload%2Fto-fast-properties-2.0.0.tgz"
  "version" "2.0.0"

"token-stream@1.0.0":
  "integrity" "sha1-zCAOqyYT9BZtJ/+a/HylbUnfbrQ="
  "resolved" "https://registry.npm.taobao.org/token-stream/download/token-stream-1.0.0.tgz"
  "version" "1.0.0"

"tslib@^2.2.0", "tslib@^2.3.0":
  "integrity" "sha1-6KM1rdXOrlGqJh0ypJAVjvBC7wE="
  "resolved" "https://registry.nlark.com/tslib/download/tslib-2.3.1.tgz?cache=0&sync_timestamp=1628722556410&other_urls=https%3A%2F%2Fregistry.nlark.com%2Ftslib%2Fdownload%2Ftslib-2.3.1.tgz"
  "version" "2.3.1"

"typescript@*", "typescript@^4.4.3", "typescript@>=4":
  "integrity" "sha512-5BlMof9H1yGt0P8/WF+wPNw6GfctgGjXp5hkblpyT+8rkASSmkUKMXrxR0Xg8ThVCi/JnHQiKXeBaEwCeQwMFw=="
  "resolved" "https://registry.npmmirror.com/typescript/download/typescript-4.5.2.tgz"
  "version" "4.5.2"

"upath@^2.0.1":
  "integrity" "sha1-UMc96mjW9rmQ9R0nnOYIFmXWGos="
  "resolved" "https://registry.npm.taobao.org/upath/download/upath-2.0.1.tgz"
  "version" "2.0.1"

"vant@^3.3.4":
  "integrity" "sha512-yNypTmo29ijLHkE6dj+XU05yRJUOXpyVymv/kZoyeFJ5WovC7z4CceE3PX5gRuhjpzSqNNJAcJML2gM16y1dpw=="
  "resolved" "https://registry.npmmirror.com/vant/download/vant-3.3.4.tgz"
  "version" "3.3.4"
  dependencies:
    "@vant/icons" "^1.7.1"
    "@vant/popperjs" "^1.1.0"
    "@vant/use" "^1.3.4"

"vite-plugin-qiankun@^1.0.11":
  "integrity" "sha512-eumfnkSvWovU61KQD66tuNYJdPJZSoAvGc/sXfOJu8HL62MlsesA/zMwyqGBUOb9wgisL+mOcQgdzB8YXnBmfQ=="
  "resolved" "https://registry.npmjs.org/vite-plugin-qiankun/-/vite-plugin-qiankun-1.0.11.tgz"
  "version" "1.0.11"
  dependencies:
    "cheerio" "^1.0.0-rc.10"

"vite@^2.5.10", "vite@^2.6.4", "vite@>=2":
  "integrity" "sha512-2HA9xGyi+EhY2MXo0+A2dRsqsAG3eFNEVIo12olkWhOmc8LfiM+eMdrXf+Ruje9gdXgvSqjLI9freec1RUM5EA=="
  "resolved" "https://registry.npmmirror.com/vite/download/vite-2.6.14.tgz"
  "version" "2.6.14"
  dependencies:
    "esbuild" "^0.13.2"
    "postcss" "^8.3.8"
    "resolve" "^1.20.0"
    "rollup" "^2.57.0"
  optionalDependencies:
    "fsevents" "~2.3.2"

"void-elements@^3.1.0":
  "integrity" "sha1-YU9/v42AHwu18GYfWy9XhXUOTwk="
  "resolved" "https://registry.npm.taobao.org/void-elements/download/void-elements-3.1.0.tgz"
  "version" "3.1.0"

"vscode-css-languageservice@^5.1.4":
  "integrity" "sha512-/tFOWeZBL3Oc9Zc+2MAi3rEwiXJTSZsvjB+M7nSjWLbGPUIjukUA7YzLgsBoUfR35sPJYnXWUkL56PdfIYM8GA=="
  "resolved" "https://registry.npmmirror.com/vscode-css-languageservice/download/vscode-css-languageservice-5.1.9.tgz"
  "version" "5.1.9"
  dependencies:
    "vscode-languageserver-textdocument" "^1.0.1"
    "vscode-languageserver-types" "^3.16.0"
    "vscode-nls" "^5.0.0"
    "vscode-uri" "^3.0.2"

"vscode-html-languageservice@^4.0.7":
  "integrity" "sha512-5ebk/5kMa7PrCPL3JuP27vo8h+coDgSkMP14pSlKz3ISXZxHm+nnCenhVrpy9Ayamtwb28YXeQuN8AqNQH8kVQ=="
  "resolved" "https://registry.npmmirror.com/vscode-html-languageservice/download/vscode-html-languageservice-4.2.0.tgz"
  "version" "4.2.0"
  dependencies:
    "vscode-languageserver-textdocument" "^1.0.1"
    "vscode-languageserver-types" "^3.16.0"
    "vscode-nls" "^5.0.0"
    "vscode-uri" "^3.0.2"

"vscode-json-languageservice@^4.1.7":
  "integrity" "sha512-IHliMEEYSY0tJjJt0ECb8ESx/nRXpoy9kN42WVQXgaqGyizFAf3jibSiezDQTrrY7f3kywXggCU+kkJEM+OLZQ=="
  "resolved" "https://registry.npmmirror.com/vscode-json-languageservice/download/vscode-json-languageservice-4.1.10.tgz"
  "version" "4.1.10"
  dependencies:
    "jsonc-parser" "^3.0.0"
    "vscode-languageserver-textdocument" "^1.0.1"
    "vscode-languageserver-types" "^3.16.0"
    "vscode-nls" "^5.0.0"
    "vscode-uri" "^3.0.2"

"vscode-jsonrpc@^8.0.0-next.2", "vscode-jsonrpc@8.0.0-next.4":
  "integrity" "sha512-i+wvza5Wd0YV/t9qhnS8I+dJdhJ1fHIhRW4f262rXXM9Mgts5VZhYrRZufGcai4y99RlbZvwaZhplQ6diRXkaA=="
  "resolved" "https://registry.npmmirror.com/vscode-jsonrpc/download/vscode-jsonrpc-8.0.0-next.4.tgz"
  "version" "8.0.0-next.4"

"vscode-languageserver-protocol@3.17.0-next.11":
  "integrity" "sha512-9FqHT7XvM6tWFsnLvRfuQA7Zh7wZZYAwA9dK85lYthA8M1aXpXEP9drXVvO/Fe03MUeJpKVf2e4/NvDaFUnttg=="
  "resolved" "https://registry.npmmirror.com/vscode-languageserver-protocol/download/vscode-languageserver-protocol-3.17.0-next.11.tgz"
  "version" "3.17.0-next.11"
  dependencies:
    "vscode-jsonrpc" "8.0.0-next.4"
    "vscode-languageserver-types" "3.17.0-next.5"

"vscode-languageserver-textdocument@^1.0.1":
  "integrity" "sha512-ynEGytvgTb6HVSUwPJIAZgiHQmPCx8bZ8w5um5Lz+q5DjP0Zj8wTFhQpyg8xaMvefDytw2+HH5yzqS+FhsR28A=="
  "resolved" "https://registry.npmmirror.com/vscode-languageserver-textdocument/download/vscode-languageserver-textdocument-1.0.3.tgz"
  "version" "1.0.3"

"vscode-languageserver-types@^3.15.1", "vscode-languageserver-types@^3.16.0":
  "integrity" "sha1-7POT/BIexpdLLaPvsxVWRMUU4kc="
  "resolved" "https://registry.npmmirror.com/vscode-languageserver-types/download/vscode-languageserver-types-3.16.0.tgz"
  "version" "3.16.0"

"vscode-languageserver-types@3.17.0-next.5":
  "integrity" "sha512-Zcfaw8BznhlJWB09LDR0dscXyxn9+liREqJnPF4pigeUCHwKxYapYqizwuCpMHQ/oLYiAvKwU+f28hPleYu7pA=="
  "resolved" "https://registry.npmmirror.com/vscode-languageserver-types/download/vscode-languageserver-types-3.17.0-next.5.tgz"
  "version" "3.17.0-next.5"

"vscode-languageserver@^8.0.0-next.2":
  "integrity" "sha512-3E2W0eWtGKb6QAJqspOnD0thrBRRo8IGUMV5jpDNMcMKvmtkcxMwsBh0VxdvuWaZ51PiNyR4L+B+GUvkYsyFEg=="
  "resolved" "https://registry.npmmirror.com/vscode-languageserver/download/vscode-languageserver-8.0.0-next.5.tgz"
  "version" "8.0.0-next.5"
  dependencies:
    "vscode-languageserver-protocol" "3.17.0-next.11"

"vscode-nls@^5.0.0":
  "integrity" "sha1-mfDaC9nqfNpE5WWnTFSx8rwleEA="
  "resolved" "https://registry.npm.taobao.org/vscode-nls/download/vscode-nls-5.0.0.tgz"
  "version" "5.0.0"

"vscode-pug-languageservice@^0.27.24":
  "integrity" "sha1-+oBcTT4z3uNoHmYKB2cTZzjmg3A="
  "resolved" "https://registry.npmmirror.com/vscode-pug-languageservice/download/vscode-pug-languageservice-0.27.24.tgz"
  "version" "0.27.24"
  dependencies:
    "@volar/code-gen" "^0.27.24"
    "@volar/shared" "^0.27.24"
    "@volar/source-map" "^0.27.24"
    "@volar/transforms" "^0.27.24"
    "pug-lexer" "^5.0.1"
    "pug-parser" "^6.0.0"
    "vscode-languageserver" "^8.0.0-next.2"

"vscode-typescript-languageservice@^0.27.25":
  "integrity" "sha1-rNIRcjtgAQjCVRU4i3XVXOFbsFY="
  "resolved" "https://registry.npmmirror.com/vscode-typescript-languageservice/download/vscode-typescript-languageservice-0.27.25.tgz"
  "version" "0.27.25"
  dependencies:
    "@volar/shared" "^0.27.24"
    "semver" "^7.3.5"
    "upath" "^2.0.1"
    "vscode-languageserver" "^8.0.0-next.2"
    "vscode-languageserver-textdocument" "^1.0.1"

"vscode-uri@^2.1.2":
  "integrity" "sha1-yNQN6T61evMfPHFd1lDiyiwJbxw="
  "resolved" "https://registry.npm.taobao.org/vscode-uri/download/vscode-uri-2.1.2.tgz"
  "version" "2.1.2"

"vscode-uri@^3.0.2":
  "integrity" "sha1-7P0dBmy470w6II3s26uajCPQVdA="
  "resolved" "https://registry.npm.taobao.org/vscode-uri/download/vscode-uri-3.0.2.tgz"
  "version" "3.0.2"

"vscode-vue-languageservice@^0.27.0":
  "integrity" "sha1-HzKwID3SM1gvdKRXQoUZpjGPA54="
  "resolved" "https://registry.npmmirror.com/vscode-vue-languageservice/download/vscode-vue-languageservice-0.27.30.tgz"
  "version" "0.27.30"
  dependencies:
    "@volar/code-gen" "^0.27.24"
    "@volar/html2pug" "^0.27.13"
    "@volar/shared" "^0.27.24"
    "@volar/source-map" "^0.27.24"
    "@volar/transforms" "^0.27.24"
    "@vscode/emmet-helper" "^2.7.0"
    "@vue/compiler-dom" "^3.2.19"
    "@vue/reactivity" "^3.2.19"
    "@vue/shared" "^3.2.19"
    "request-light" "^0.5.4"
    "upath" "^2.0.1"
    "vscode-css-languageservice" "^5.1.4"
    "vscode-html-languageservice" "^4.0.7"
    "vscode-json-languageservice" "^4.1.7"
    "vscode-languageserver" "^8.0.0-next.2"
    "vscode-languageserver-textdocument" "^1.0.1"
    "vscode-pug-languageservice" "^0.27.24"
    "vscode-typescript-languageservice" "^0.27.25"

"vue-router@^4.0.12":
  "integrity" "sha1-jceSzd9bsavMOQj5BkE23n4TxGA="
  "resolved" "https://registry.npmmirror.com/vue-router/download/vue-router-4.0.12.tgz"
  "version" "4.0.12"
  dependencies:
    "@vue/devtools-api" "^6.0.0-beta.18"

"vue-tsc@^0.3.0":
  "integrity" "sha1-Ozhyv08dLkQJtXrb2CYDLiU9tAY="
  "resolved" "https://registry.npmmirror.com/vue-tsc/download/vue-tsc-0.3.0.tgz"
  "version" "0.3.0"
  dependencies:
    "vscode-vue-languageservice" "^0.27.0"

"vue@^3.0.0", "vue@^3.2.16", "vue@3.2.23":
  "integrity" "sha512-MGp9JZC37lzGhwSu6c1tQxrQbXbw7XKFqtYh7SFwNrNK899FPxGAHwSHMZijMChTSC3uZrD2BGO/3EHOgMJ0cw=="
  "resolved" "https://registry.npmmirror.com/vue/download/vue-3.2.23.tgz"
  "version" "3.2.23"
  dependencies:
    "@vue/compiler-dom" "3.2.23"
    "@vue/compiler-sfc" "3.2.23"
    "@vue/runtime-dom" "3.2.23"
    "@vue/server-renderer" "3.2.23"
    "@vue/shared" "3.2.23"

"with@^7.0.0":
  "integrity" "sha1-zO461ULSVTinp6gKrSErmChJW6w="
  "resolved" "https://registry.npm.taobao.org/with/download/with-7.0.2.tgz"
  "version" "7.0.2"
  dependencies:
    "@babel/parser" "^7.9.6"
    "@babel/types" "^7.9.6"
    "assert-never" "^1.2.1"
    "babel-walk" "3.0.0-canary-5"

"yallist@^4.0.0":
  "integrity" "sha1-m7knkNnA7/7GO+c1GeEaNQGaOnI="
  "resolved" "https://registry.npm.taobao.org/yallist/download/yallist-4.0.0.tgz"
  "version" "4.0.0"
